
Microsoft Visual Studio Solution File, Format Version 12.00
# Visual Studio Version 16
VisualStudioVersion = 16.0.32002.261
MinimumVisualStudioVersion = 10.0.40219.1
Project("{9A19103F-16F7-4668-BE54-9A1E7A4F7556}") = "EBanx.Cc.WebApi", "Ebanx.Cc.WebApi\EBanx.Cc.WebApi.csproj", "{3A1F5CA7-0CC8-47C5-8E25-ABDB8CAB2396}"
EndProject
Project("{9A19103F-16F7-4668-BE54-9A1E7A4F7556}") = "EBanx.Cc.AccountsAdmin", "EBanx.Cc.Account\EBanx.Cc.AccountsAdmin.csproj", "{F2BF58D9-7444-43A7-AB74-9EE908B6CC8E}"
EndProject
Global
	GlobalSection(SolutionConfigurationPlatforms) = preSolution
		Debug|Any CPU = Debug|Any CPU
		Release|Any CPU = Release|Any CPU
	EndGlobalSection
	GlobalSection(ProjectConfigurationPlatforms) = postSolution
		{3A1F5CA7-0CC8-47C5-8E25-ABDB8CAB2396}.Debug|Any CPU.ActiveCfg = Debug|Any CPU
		{3A1F5CA7-0CC8-47C5-8E25-ABDB8CAB2396}.Debug|Any CPU.Build.0 = Debug|Any CPU
		{3A1F5CA7-0CC8-47C5-8E25-ABDB8CAB2396}.Release|Any CPU.ActiveCfg = Release|Any CPU
		{3A1F5CA7-0CC8-47C5-8E25-ABDB8CAB2396}.Release|Any CPU.Build.0 = Release|Any CPU
		{F2BF58D9-7444-43A7-AB74-9EE908B6CC8E}.Debug|Any CPU.ActiveCfg = Debug|Any CPU
		{F2BF58D9-7444-43A7-AB74-9EE908B6CC8E}.Debug|Any CPU.Build.0 = Debug|Any CPU
		{F2BF58D9-7444-43A7-AB74-9EE908B6CC8E}.Release|Any CPU.ActiveCfg = Release|Any CPU
		{F2BF58D9-7444-43A7-AB74-9EE908B6CC8E}.Release|Any CPU.Build.0 = Release|Any CPU
	EndGlobalSection
	GlobalSection(SolutionProperties) = preSolution
		HideSolutionNode = FALSE
	EndGlobalSection
	GlobalSection(ExtensibilityGlobals) = postSolution
		SolutionGuid = {C6A7EDEB-ABDE-4E3B-8314-5EE1F1EFF647}
	EndGlobalSection
EndGlobal
